// !$*UTF8*$!
{
	archiveVersion = 1;
	classes = {
	};
	objectVersion = 51;
	objects = {

/* Begin PBXBuildFile section */
		0737B8AE23059A35009D412E /* AppDelegate.swift in Sources */ = {isa = PBXBuildFile; fileRef = 0737B8AD23059A35009D412E /* AppDelegate.swift */; };
		0737B8B023059A35009D412E /* ViewController.swift in Sources */ = {isa = PBXBuildFile; fileRef = 0737B8AF23059A35009D412E /* ViewController.swift */; };
		0737B8B323059A35009D412E /* Main.storyboard in Resources */ = {isa = PBXBuildFile; fileRef = 0737B8B123059A35009D412E /* Main.storyboard */; };
		0737B8B523059A36009D412E /* Assets.xcassets in Resources */ = {isa = PBXBuildFile; fileRef = 0737B8B423059A36009D412E /* Assets.xcassets */; };
		0737B8B823059A36009D412E /* LaunchScreen.storyboard in Resources */ = {isa = PBXBuildFile; fileRef = 0737B8B623059A36009D412E /* LaunchScreen.storyboard */; };
		07B6038F2305C89E002F3978 /* RatingView.swift in Sources */ = {isa = PBXBuildFile; fileRef = 07B6038E2305C89E002F3978 /* RatingView.swift */; };
		A787889CD4EC9C24DACB7DBB /* Pods_data_collection.framework in Frameworks */ = {isa = PBXBuildFile; fileRef = 2ACB0ABF77420B3D92636E86 /* Pods_data_collection.framework */; };
/* End PBXBuildFile section */

/* Begin PBXFileReference section */
		0737B8AA23059A35009D412E /* data-collection.app */ = {isa = PBXFileReference; explicitFileType = wrapper.application; includeInIndex = 0; path = "data-collection.app"; sourceTree = BUILT_PRODUCTS_DIR; };
		0737B8AD23059A35009D412E /* AppDelegate.swift */ = {isa = PBXFileReference; lastKnownFileType = sourcecode.swift; path = AppDelegate.swift; sourceTree = "<group>"; };
		0737B8AF23059A35009D412E /* ViewController.swift */ = {isa = PBXFileReference; lastKnownFileType = sourcecode.swift; path = ViewController.swift; sourceTree = "<group>"; };
		0737B8B223059A35009D412E /* Base */ = {isa = PBXFileReference; lastKnownFileType = file.storyboard; name = Base; path = Base.lproj/Main.storyboard; sourceTree = "<group>"; };
		0737B8B423059A36009D412E /* Assets.xcassets */ = {isa = PBXFileReference; lastKnownFileType = folder.assetcatalog; path = Assets.xcassets; sourceTree = "<group>"; };
		0737B8B723059A36009D412E /* Base */ = {isa = PBXFileReference; lastKnownFileType = file.storyboard; name = Base; path = Base.lproj/LaunchScreen.storyboard; sourceTree = "<group>"; };
		0737B8B923059A36009D412E /* Info.plist */ = {isa = PBXFileReference; lastKnownFileType = text.plist.xml; path = Info.plist; sourceTree = "<group>"; };
		07B6038E2305C89E002F3978 /* RatingView.swift */ = {isa = PBXFileReference; lastKnownFileType = sourcecode.swift; path = RatingView.swift; sourceTree = "<group>"; };
		1AB19BA5B6998428E4E21D7C /* Pods-data-collection.debug.xcconfig */ = {isa = PBXFileReference; includeInIndex = 1; lastKnownFileType = text.xcconfig; name = "Pods-data-collection.debug.xcconfig"; path = "Target Support Files/Pods-data-collection/Pods-data-collection.debug.xcconfig"; sourceTree = "<group>"; };
		2ACB0ABF77420B3D92636E86 /* Pods_data_collection.framework */ = {isa = PBXFileReference; explicitFileType = wrapper.framework; includeInIndex = 0; path = Pods_data_collection.framework; sourceTree = BUILT_PRODUCTS_DIR; };
		938C46402661CECA2746EF3F /* Pods-data-collection.release.xcconfig */ = {isa = PBXFileReference; includeInIndex = 1; lastKnownFileType = text.xcconfig; name = "Pods-data-collection.release.xcconfig"; path = "Target Support Files/Pods-data-collection/Pods-data-collection.release.xcconfig"; sourceTree = "<group>"; };
/* End PBXFileReference section */

/* Begin PBXFrameworksBuildPhase section */
		0737B8A723059A35009D412E /* Frameworks */ = {
			isa = PBXFrameworksBuildPhase;
			buildActionMask = 2147483647;
			files = (
				A787889CD4EC9C24DACB7DBB /* Pods_data_collection.framework in Frameworks */,
			);
			runOnlyForDeploymentPostprocessing = 0;
		};
/* End PBXFrameworksBuildPhase section */

/* Begin PBXGroup section */
		0737B8A123059A35009D412E = {
			isa = PBXGroup;
			children = (
				0737B8AC23059A35009D412E /* data-collection */,
				0737B8AB23059A35009D412E /* Products */,
				0BD8CEB87512841AD8EDAC29 /* Pods */,
				7AA6A5C346BC68E5A95BD792 /* Frameworks */,
			);
			sourceTree = "<group>";
		};
		0737B8AB23059A35009D412E /* Products */ = {
			isa = PBXGroup;
			children = (
				0737B8AA23059A35009D412E /* data-collection.app */,
			);
			name = Products;
			sourceTree = "<group>";
		};
		0737B8AC23059A35009D412E /* data-collection */ = {
			isa = PBXGroup;
			children = (
				07B6038D2305C4FE002F3978 /* Views */,
				07B6038C2305C4F0002F3978 /* Controllers */,
				0737B8AD23059A35009D412E /* AppDelegate.swift */,
				0737B8B123059A35009D412E /* Main.storyboard */,
				0737B8B423059A36009D412E /* Assets.xcassets */,
				0737B8B623059A36009D412E /* LaunchScreen.storyboard */,
				0737B8B923059A36009D412E /* Info.plist */,
			);
			path = "data-collection";
			sourceTree = "<group>";
		};
		07B6038C2305C4F0002F3978 /* Controllers */ = {
			isa = PBXGroup;
			children = (
				0737B8AF23059A35009D412E /* ViewController.swift */,
			);
			path = Controllers;
			sourceTree = "<group>";
		};
		07B6038D2305C4FE002F3978 /* Views */ = {
			isa = PBXGroup;
			children = (
				07B6038E2305C89E002F3978 /* RatingView.swift */,
			);
			path = Views;
			sourceTree = "<group>";
		};
		0BD8CEB87512841AD8EDAC29 /* Pods */ = {
			isa = PBXGroup;
			children = (
				1AB19BA5B6998428E4E21D7C /* Pods-data-collection.debug.xcconfig */,
				938C46402661CECA2746EF3F /* Pods-data-collection.release.xcconfig */,
			);
			path = Pods;
			sourceTree = "<group>";
		};
		7AA6A5C346BC68E5A95BD792 /* Frameworks */ = {
			isa = PBXGroup;
			children = (
				2ACB0ABF77420B3D92636E86 /* Pods_data_collection.framework */,
			);
			name = Frameworks;
			sourceTree = "<group>";
		};
/* End PBXGroup section */

/* Begin PBXNativeTarget section */
		0737B8A923059A35009D412E /* data-collection */ = {
			isa = PBXNativeTarget;
			buildConfigurationList = 0737B8BC23059A36009D412E /* Build configuration list for PBXNativeTarget "data-collection" */;
			buildPhases = (
				66BAB3F9E4629506AB72B690 /* [CP] Check Pods Manifest.lock */,
				0737B8A623059A35009D412E /* Sources */,
				0737B8A723059A35009D412E /* Frameworks */,
				0737B8A823059A35009D412E /* Resources */,
				F753FF60C76F045622CAE4DE /* [CP] Embed Pods Frameworks */,
			);
			buildRules = (
			);
			dependencies = (
			);
			name = "data-collection";
			productName = "data-collection";
			productReference = 0737B8AA23059A35009D412E /* data-collection.app */;
			productType = "com.apple.product-type.application";
		};
/* End PBXNativeTarget section */

/* Begin PBXProject section */
		0737B8A223059A35009D412E /* Project object */ = {
			isa = PBXProject;
			attributes = {
				LastSwiftUpdateCheck = 1030;
				LastUpgradeCheck = 1030;
				ORGANIZATIONNAME = Jade;
				TargetAttributes = {
					0737B8A923059A35009D412E = {
						CreatedOnToolsVersion = 10.3;
					};
				};
			};
			buildConfigurationList = 0737B8A523059A35009D412E /* Build configuration list for PBXProject "data-collection" */;
			compatibilityVersion = "Xcode 9.3";
			developmentRegion = en;
			hasScannedForEncodings = 0;
			knownRegions = (
				en,
				Base,
			);
			mainGroup = 0737B8A123059A35009D412E;
			productRefGroup = 0737B8AB23059A35009D412E /* Products */;
			projectDirPath = "";
			projectRoot = "";
			targets = (
				0737B8A923059A35009D412E /* data-collection */,
			);
		};
/* End PBXProject section */

/* Begin PBXResourcesBuildPhase section */
		0737B8A823059A35009D412E /* Resources */ = {
			isa = PBXResourcesBuildPhase;
			buildActionMask = 2147483647;
			files = (
				0737B8B823059A36009D412E /* LaunchScreen.storyboard in Resources */,
				0737B8B523059A36009D412E /* Assets.xcassets in Resources */,
				0737B8B323059A35009D412E /* Main.storyboard in Resources */,
			);
			runOnlyForDeploymentPostprocessing = 0;
		};
/* End PBXResourcesBuildPhase section */

/* Begin PBXShellScriptBuildPhase section */
		66BAB3F9E4629506AB72B690 /* [CP] Check Pods Manifest.lock */ = {
			isa = PBXShellScriptBuildPhase;
			buildActionMask = 2147483647;
			files = (
			);
			inputFileListPaths = (
			);
			inputPaths = (
				"${PODS_PODFILE_DIR_PATH}/Podfile.lock",
				"${PODS_ROOT}/Manifest.lock",
			);
			name = "[CP] Check Pods Manifest.lock";
			outputFileListPaths = (
			);
			outputPaths = (
				"$(DERIVED_FILE_DIR)/Pods-data-collection-checkManifestLockResult.txt",
			);
			runOnlyForDeploymentPostprocessing = 0;
			shellPath = /bin/sh;
			shellScript = "diff \"${PODS_PODFILE_DIR_PATH}/Podfile.lock\" \"${PODS_ROOT}/Manifest.lock\" > /dev/null\nif [ $? != 0 ] ; then\n    # print error to STDERR\n    echo \"error: The sandbox is not in sync with the Podfile.lock. Run 'pod install' or update your CocoaPods installation.\" >&2\n    exit 1\nfi\n# This output is used by Xcode 'outputs' to avoid re-running this script phase.\necho \"SUCCESS\" > \"${SCRIPT_OUTPUT_FILE_0}\"\n";
			showEnvVarsInLog = 0;
		};
		F753FF60C76F045622CAE4DE /* [CP] Embed Pods Frameworks */ = {
			isa = PBXShellScriptBuildPhase;
			buildActionMask = 2147483647;
			files = (
			);
			inputFileListPaths = (
				"${PODS_ROOT}/Target Support Files/Pods-data-collection/Pods-data-collection-frameworks-${CONFIGURATION}-input-files.xcfilelist",
			);
			name = "[CP] Embed Pods Frameworks";
			outputFileListPaths = (
				"${PODS_ROOT}/Target Support Files/Pods-data-collection/Pods-data-collection-frameworks-${CONFIGURATION}-output-files.xcfilelist",
			);
			runOnlyForDeploymentPostprocessing = 0;
			shellPath = /bin/sh;
			shellScript = "\"${PODS_ROOT}/Target Support Files/Pods-data-collection/Pods-data-collection-frameworks.sh\"\n";
			showEnvVarsInLog = 0;
		};
/* End PBXShellScriptBuildPhase section */

/* Begin PBXSourcesBuildPhase section */
		0737B8A623059A35009D412E /* Sources */ = {
			isa = PBXSourcesBuildPhase;
			buildActionMask = 2147483647;
			files = (
				07B6038F2305C89E002F3978 /* RatingView.swift in Sources */,
				0737B8B023059A35009D412E /* ViewController.swift in Sources */,
				0737B8AE23059A35009D412E /* AppDelegate.swift in Sources */,
			);
			runOnlyForDeploymentPostprocessing = 0;
		};
/* End PBXSourcesBuildPhase section */

/* Begin PBXVariantGroup section */
		0737B8B123059A35009D412E /* Main.storyboard */ = {
			isa = PBXVariantGroup;
			children = (
				0737B8B223059A35009D412E /* Base */,
			);
			name = Main.storyboard;
			sourceTree = "<group>";
		};
		0737B8B623059A36009D412E /* LaunchScreen.storyboard */ = {
			isa = PBXVariantGroup;
			children = (
				0737B8B723059A36009D412E /* Base */,
			);
			name = LaunchScreen.storyboard;
			sourceTree = "<group>";
		};
/* End PBXVariantGroup section */

/* Begin XCBuildConfiguration section */
		0737B8BA23059A36009D412E /* Debug */ = {
			isa = XCBuildConfiguration;
			buildSettings = {
				ALWAYS_SEARCH_USER_PATHS = NO;
				CLANG_ANALYZER_NONNULL = YES;
				CLANG_ANALYZER_NUMBER_OBJECT_CONVERSION = YES_AGGRESSIVE;
				CLANG_CXX_LANGUAGE_STANDARD = "gnu++14";
				CLANG_CXX_LIBRARY = "libc++";
				CLANG_ENABLE_MODULES = YES;
				CLANG_ENABLE_OBJC_ARC = YES;
				CLANG_ENABLE_OBJC_WEAK = YES;
				CLANG_WARN_BLOCK_CAPTURE_AUTORELEASING = YES;
				CLANG_WARN_BOOL_CONVERSION = YES;
				CLANG_WARN_COMMA = YES;
				CLANG_WARN_CONSTANT_CONVERSION = YES;
				CLANG_WARN_DEPRECATED_OBJC_IMPLEMENTATIONS = YES;
				CLANG_WARN_DIRECT_OBJC_ISA_USAGE = YES_ERROR;
				CLANG_WARN_DOCUMENTATION_COMMENTS = YES;
				CLANG_WARN_EMPTY_BODY = YES;
				CLANG_WARN_ENUM_CONVERSION = YES;
				CLANG_WARN_INFINITE_RECURSION = YES;
				CLANG_WARN_INT_CONVERSION = YES;
				CLANG_WARN_NON_LITERAL_NULL_CONVERSION = YES;
				CLANG_WARN_OBJC_IMPLICIT_RETAIN_SELF = YES;
				CLANG_WARN_OBJC_LITERAL_CONVERSION = YES;
				CLANG_WARN_OBJC_ROOT_CLASS = YES_ERROR;
				CLANG_WARN_RANGE_LOOP_ANALYSIS = YES;
				CLANG_WARN_STRICT_PROTOTYPES = YES;
				CLANG_WARN_SUSPICIOUS_MOVE = YES;
				CLANG_WARN_UNGUARDED_AVAILABILITY = YES_AGGRESSIVE;
				CLANG_WARN_UNREACHABLE_CODE = YES;
				CLANG_WARN__DUPLICATE_METHOD_MATCH = YES;
				CODE_SIGN_IDENTITY = "iPhone Developer";
				COPY_PHASE_STRIP = NO;
				DEBUG_INFORMATION_FORMAT = dwarf;
				ENABLE_STRICT_OBJC_MSGSEND = YES;
				ENABLE_TESTABILITY = YES;
				GCC_C_LANGUAGE_STANDARD = gnu11;
				GCC_DYNAMIC_NO_PIC = NO;
				GCC_NO_COMMON_BLOCKS = YES;
				GCC_OPTIMIZATION_LEVEL = 0;
				GCC_PREPROCESSOR_DEFINITIONS = (
					"DEBUG=1",
					"$(inherited)",
				);
				GCC_WARN_64_TO_32_BIT_CONVERSION = YES;
				GCC_WARN_ABOUT_RETURN_TYPE = YES_ERROR;
				GCC_WARN_UNDECLARED_SELECTOR = YES;
				GCC_WARN_UNINITIALIZED_AUTOS = YES_AGGRESSIVE;
				GCC_WARN_UNUSED_FUNCTION = YES;
				GCC_WARN_UNUSED_VARIABLE = YES;
				IPHONEOS_DEPLOYMENT_TARGET = 12.4;
				MTL_ENABLE_DEBUG_INFO = INCLUDE_SOURCE;
				MTL_FAST_MATH = YES;
				ONLY_ACTIVE_ARCH = YES;
				SDKROOT = iphoneos;
				SWIFT_ACTIVE_COMPILATION_CONDITIONS = DEBUG;
				SWIFT_OPTIMIZATION_LEVEL = "-Onone";
			};
			name = Debug;
		};
		0737B8BB23059A36009D412E /* Release */ = {
			isa = XCBuildConfiguration;
			buildSettings = {
				ALWAYS_SEARCH_USER_PATHS = NO;
				CLANG_ANALYZER_NONNULL = YES;
				CLANG_ANALYZER_NUMBER_OBJECT_CONVERSION = YES_AGGRESSIVE;
				CLANG_CXX_LANGUAGE_STANDARD = "gnu++14";
				CLANG_CXX_LIBRARY = "libc++";
				CLANG_ENABLE_MODULES = YES;
				CLANG_ENABLE_OBJC_ARC = YES;
				CLANG_ENABLE_OBJC_WEAK = YES;
				CLANG_WARN_BLOCK_CAPTURE_AUTORELEASING = YES;
				CLANG_WARN_BOOL_CONVERSION = YES;
				CLANG_WARN_COMMA = YES;
				CLANG_WARN_CONSTANT_CONVERSION = YES;
				CLANG_WARN_DEPRECATED_OBJC_IMPLEMENTATIONS = YES;
				CLANG_WARN_DIRECT_OBJC_ISA_USAGE = YES_ERROR;
				CLANG_WARN_DOCUMENTATION_COMMENTS = YES;
				CLANG_WARN_EMPTY_BODY = YES;
				CLANG_WARN_ENUM_CONVERSION = YES;
				CLANG_WARN_INFINITE_RECURSION = YES;
				CLANG_WARN_INT_CONVERSION = YES;
				CLANG_WARN_NON_LITERAL_NULL_CONVERSION = YES;
				CLANG_WARN_OBJC_IMPLICIT_RETAIN_SELF = YES;
				CLANG_WARN_OBJC_LITERAL_CONVERSION = YES;
				CLANG_WARN_OBJC_ROOT_CLASS = YES_ERROR;
				CLANG_WARN_RANGE_LOOP_ANALYSIS = YES;
				CLANG_WARN_STRICT_PROTOTYPES = YES;
				CLANG_WARN_SUSPICIOUS_MOVE = YES;
				CLANG_WARN_UNGUARDED_AVAILABILITY = YES_AGGRESSIVE;
				CLANG_WARN_UNREACHABLE_CODE = YES;
				CLANG_WARN__DUPLICATE_METHOD_MATCH = YES;
				CODE_SIGN_IDENTITY = "iPhone Developer";
				COPY_PHASE_STRIP = NO;
				DEBUG_INFORMATION_FORMAT = "dwarf-with-dsym";
				ENABLE_NS_ASSERTIONS = NO;
				ENABLE_STRICT_OBJC_MSGSEND = YES;
				GCC_C_LANGUAGE_STANDARD = gnu11;
				GCC_NO_COMMON_BLOCKS = YES;
				GCC_WARN_64_TO_32_BIT_CONVERSION = YES;
				GCC_WARN_ABOUT_RETURN_TYPE = YES_ERROR;
				GCC_WARN_UNDECLARED_SELECTOR = YES;
				GCC_WARN_UNINITIALIZED_AUTOS = YES_AGGRESSIVE;
				GCC_WARN_UNUSED_FUNCTION = YES;
				GCC_WARN_UNUSED_VARIABLE = YES;
				IPHONEOS_DEPLOYMENT_TARGET = 12.4;
				MTL_ENABLE_DEBUG_INFO = NO;
				MTL_FAST_MATH = YES;
				SDKROOT = iphoneos;
				SWIFT_COMPILATION_MODE = wholemodule;
				SWIFT_OPTIMIZATION_LEVEL = "-O";
				VALIDATE_PRODUCT = YES;
			};
			name = Release;
		};
		0737B8BD23059A36009D412E /* Debug */ = {
			isa = XCBuildConfiguration;
			baseConfigurationReference = 1AB19BA5B6998428E4E21D7C /* Pods-data-collection.debug.xcconfig */;
			buildSettings = {
				ASSETCATALOG_COMPILER_APPICON_NAME = AppIcon;
				CODE_SIGN_STYLE = Automatic;
				DEVELOPMENT_TEAM = 7S7LQFG3UX;
				INFOPLIST_FILE = "data-collection/Info.plist";
				LD_RUNPATH_SEARCH_PATHS = (
					"$(inherited)",
					"@executable_path/Frameworks",
				);
				PRODUCT_BUNDLE_IDENTIFIER = "Jade.data-collection";
				PRODUCT_NAME = "$(TARGET_NAME)";
				SWIFT_VERSION = 5.0;
				TARGETED_DEVICE_FAMILY = "1,2";
			};
			name = Debug;
		};
		0737B8BE23059A36009D412E /* Release */ = {
			isa = XCBuildConfiguration;
			baseConfigurationReference = 938C46402661CECA2746EF3F /* Pods-data-collection.release.xcconfig */;
			buildSettings = {
				ASSETCATALOG_COMPILER_APPICON_NAME = AppIcon;
				CODE_SIGN_STYLE = Automatic;
				DEVELOPMENT_TEAM = 7S7LQFG3UX;
				INFOPLIST_FILE = "data-collection/Info.plist";
				LD_RUNPATH_SEARCH_PATHS = (
					"$(inherited)",
					"@executable_path/Frameworks",
				);
				PRODUCT_BUNDLE_IDENTIFIER = "Jade.data-collection";
				PRODUCT_NAME = "$(TARGET_NAME)";
				SWIFT_VERSION = 5.0;
				TARGETED_DEVICE_FAMILY = "1,2";
			};
			name = Release;
		};
/* End XCBuildConfiguration section */

/* Begin XCConfigurationList section */
		0737B8A523059A35009D412E /* Build configuration list for PBXProject "data-collection" */ = {
			isa = XCConfigurationList;
			buildConfigurations = (
				0737B8BA23059A36009D412E /* Debug */,
				0737B8BB23059A36009D412E /* Release */,
			);
			defaultConfigurationIsVisible = 0;
			defaultConfigurationName = Release;
		};
		0737B8BC23059A36009D412E /* Build configuration list for PBXNativeTarget "data-collection" */ = {
			isa = XCConfigurationList;
			buildConfigurations = (
				0737B8BD23059A36009D412E /* Debug */,
				0737B8BE23059A36009D412E /* Release */,
			);
			defaultConfigurationIsVisible = 0;
			defaultConfigurationName = Release;
		};
/* End XCConfigurationList section */
	};
	rootObject = 0737B8A223059A35009D412E /* Project object */;
}
